
Microsoft Visual Studio Solution File, Format Version 12.00
# Visual Studio Version 16
VisualStudioVersion = 16.0.29519.161
MinimumVisualStudioVersion = 10.0.40219.1
Project("{FAE04EC0-301F-11D3-BF4B-00C04F79EFBC}") = "WpfApp4", "WpfApp4.csproj", "{BA62E464-EB94-4DEF-97BA-BC5A8867DBA7}"
EndProject
Global
	GlobalSection(SolutionConfigurationPlatforms) = preSolution
		Debug|Any CPU = Debug|Any CPU
		Release|Any CPU = Release|Any CPU
	EndGlobalSection
	GlobalSection(ProjectConfigurationPlatforms) = postSolution
		{BA62E464-EB94-4DEF-97BA-BC5A8867DBA7}.Debug|Any CPU.ActiveCfg = Debug|Any CPU
		{BA62E464-EB94-4DEF-97BA-BC5A8867DBA7}.Debug|Any CPU.Build.0 = Debug|Any CPU
		{BA62E464-EB94-4DEF-97BA-BC5A8867DBA7}.Release|Any CPU.ActiveCfg = Release|Any CPU
		{BA62E464-EB94-4DEF-97BA-BC5A8867DBA7}.Release|Any CPU.Build.0 = Release|Any CPU
	EndGlobalSection
	GlobalSection(SolutionProperties) = preSolution
		HideSolutionNode = FALSE
	EndGlobalSection
	GlobalSection(ExtensibilityGlobals) = postSolution
		SolutionGuid = {8365B260-90D9-4E0F-9933-9ED54757ED92}
	EndGlobalSection
EndGlobal
